
Microsoft Visual Studio Solution File, Format Version 12.00
# Visual Studio Version 17
VisualStudioVersion = 17.6.33801.468
MinimumVisualStudioVersion = 10.0.40219.1
Project("{FAE04EC0-301F-11D3-BF4B-00C04F79EFBC}") = "Click_Olcer", "Click_Olcer\Click_Olcer.csproj", "{E709D100-C283-4C7A-A5B4-37434DE5856D}"
EndProject
Global
	GlobalSection(SolutionConfigurationPlatforms) = preSolution
		Debug|Any CPU = Debug|Any CPU
		Release|Any CPU = Release|Any CPU
	EndGlobalSection
	GlobalSection(ProjectConfigurationPlatforms) = postSolution
		{E709D100-C283-4C7A-A5B4-37434DE5856D}.Debug|Any CPU.ActiveCfg = Debug|Any CPU
		{E709D100-C283-4C7A-A5B4-37434DE5856D}.Debug|Any CPU.Build.0 = Debug|Any CPU
		{E709D100-C283-4C7A-A5B4-37434DE5856D}.Release|Any CPU.ActiveCfg = Release|Any CPU
		{E709D100-C283-4C7A-A5B4-37434DE5856D}.Release|Any CPU.Build.0 = Release|Any CPU
	EndGlobalSection
	GlobalSection(SolutionProperties) = preSolution
		HideSolutionNode = FALSE
	EndGlobalSection
	GlobalSection(ExtensibilityGlobals) = postSolution
		SolutionGuid = {7AAA07D3-5F24-41A3-8114-2D944B2613AB}
	EndGlobalSection
EndGlobal
